
Microsoft Visual Studio Solution File, Format Version 12.00
# Visual Studio Version 17
VisualStudioVersion = 17.14.36408.4 d17.14
MinimumVisualStudioVersion = 10.0.40219.1
Project("{FAE04EC0-301F-11D3-BF4B-00C04F79EFBC}") = "Presentacion", "Presentacion\Presentacion.csproj", "{08C09256-4947-4E8E-816F-BB7802888BA4}"
EndProject
Project("{FAE04EC0-301F-11D3-BF4B-00C04F79EFBC}") = "Entidades", "Entidades\Entidades.csproj", "{48EB3A9B-95A5-4F50-9222-CEC25DAB7205}"
EndProject
Project("{FAE04EC0-301F-11D3-BF4B-00C04F79EFBC}") = "Services", "Services\Services.csproj", "{D91D244E-126A-43CC-A1F2-4B4864B5D024}"
EndProject
Project("{FAE04EC0-301F-11D3-BF4B-00C04F79EFBC}") = "Negocios", "Negocios\Negocios.csproj", "{B9323534-AF18-4652-9FE0-2EBC1BCC723E}"
EndProject
Project("{FAE04EC0-301F-11D3-BF4B-00C04F79EFBC}") = "Datos", "Datos\Datos.csproj", "{4A2A64C5-2AA9-4F56-B927-CAD0C13BB89F}"
EndProject
Global
	GlobalSection(SolutionConfigurationPlatforms) = preSolution
		Debug|Any CPU = Debug|Any CPU
		Release|Any CPU = Release|Any CPU
	EndGlobalSection
	GlobalSection(ProjectConfigurationPlatforms) = postSolution
		{08C09256-4947-4E8E-816F-BB7802888BA4}.Debug|Any CPU.ActiveCfg = Debug|Any CPU
		{08C09256-4947-4E8E-816F-BB7802888BA4}.Debug|Any CPU.Build.0 = Debug|Any CPU
		{08C09256-4947-4E8E-816F-BB7802888BA4}.Release|Any CPU.ActiveCfg = Release|Any CPU
		{08C09256-4947-4E8E-816F-BB7802888BA4}.Release|Any CPU.Build.0 = Release|Any CPU
		{48EB3A9B-95A5-4F50-9222-CEC25DAB7205}.Debug|Any CPU.ActiveCfg = Debug|Any CPU
		{48EB3A9B-95A5-4F50-9222-CEC25DAB7205}.Debug|Any CPU.Build.0 = Debug|Any CPU
		{48EB3A9B-95A5-4F50-9222-CEC25DAB7205}.Release|Any CPU.ActiveCfg = Release|Any CPU
		{48EB3A9B-95A5-4F50-9222-CEC25DAB7205}.Release|Any CPU.Build.0 = Release|Any CPU
		{D91D244E-126A-43CC-A1F2-4B4864B5D024}.Debug|Any CPU.ActiveCfg = Debug|Any CPU
		{D91D244E-126A-43CC-A1F2-4B4864B5D024}.Debug|Any CPU.Build.0 = Debug|Any CPU
		{D91D244E-126A-43CC-A1F2-4B4864B5D024}.Release|Any CPU.ActiveCfg = Release|Any CPU
		{D91D244E-126A-43CC-A1F2-4B4864B5D024}.Release|Any CPU.Build.0 = Release|Any CPU
		{B9323534-AF18-4652-9FE0-2EBC1BCC723E}.Debug|Any CPU.ActiveCfg = Debug|Any CPU
		{B9323534-AF18-4652-9FE0-2EBC1BCC723E}.Debug|Any CPU.Build.0 = Debug|Any CPU
		{B9323534-AF18-4652-9FE0-2EBC1BCC723E}.Release|Any CPU.ActiveCfg = Release|Any CPU
		{B9323534-AF18-4652-9FE0-2EBC1BCC723E}.Release|Any CPU.Build.0 = Release|Any CPU
		{4A2A64C5-2AA9-4F56-B927-CAD0C13BB89F}.Debug|Any CPU.ActiveCfg = Debug|Any CPU
		{4A2A64C5-2AA9-4F56-B927-CAD0C13BB89F}.Debug|Any CPU.Build.0 = Debug|Any CPU
		{4A2A64C5-2AA9-4F56-B927-CAD0C13BB89F}.Release|Any CPU.ActiveCfg = Release|Any CPU
		{4A2A64C5-2AA9-4F56-B927-CAD0C13BB89F}.Release|Any CPU.Build.0 = Release|Any CPU
	EndGlobalSection
	GlobalSection(SolutionProperties) = preSolution
		HideSolutionNode = FALSE
	EndGlobalSection
	GlobalSection(ExtensibilityGlobals) = postSolution
		SolutionGuid = {10D847DB-4981-4A97-8A82-AF861083CF7F}
	EndGlobalSection
EndGlobal
